<?xml version="1.0" encoding="utf-8"?>
<Project ToolsVersion="4.0" xmlns="http://schemas.microsoft.com/developer/msbuild/2003">
  <ItemGroup>
    <Filter Include="99.Defines">
      <UniqueIdentifier>{fb79177f-6af2-42b8-a50b-bbc3b63e3f72}</UniqueIdentifier>
    </Filter>
    <Filter Include="00.MainApp">
      <UniqueIdentifier>{36ddfabb-8bb7-40c9-a17f-c7b97483a7fd}</UniqueIdentifier>
    </Filter>
    <Filter Include="01.Levels">
      <UniqueIdentifier>{f44a7a5e-dc7a-460e-9e7e-389f947c35ff}</UniqueIdentifier>
    </Filter>
    <Filter Include="01.Levels\GamePlay">
      <UniqueIdentifier>{496bfdc0-36c4-4ae4-a032-6e701acb2b32}</UniqueIdentifier>
    </Filter>
    <Filter Include="01.Levels\Loading">
      <UniqueIdentifier>{5826f108-d734-4b34-a4f6-11a528a309a5}</UniqueIdentifier>
    </Filter>
    <Filter Include="01.Levels\Loading\Loader">
      <UniqueIdentifier>{91d96f38-b5f2-4ed1-a4ee-a6224c0c3cf0}</UniqueIdentifier>
    </Filter>
    <Filter Include="02.GameObjects">
      <UniqueIdentifier>{bd09e51d-766a-4343-ad6c-b0e50d2d43cd}</UniqueIdentifier>
    </Filter>
    <Filter Include="02.GameObjects\00.BackGround">
      <UniqueIdentifier>{21287f1c-586b-4a97-90d2-9e630f240bae}</UniqueIdentifier>
    </Filter>
    <Filter Include="98.Default">
      <UniqueIdentifier>{4d9edaa0-3df0-42f3-8df9-280f1ae7af4a}</UniqueIdentifier>
    </Filter>
    <Filter Include="97.ShaderFiles">
      <UniqueIdentifier>{d67a0dbc-f9dd-4c82-9afc-67f9a0ca9a91}</UniqueIdentifier>
    </Filter>
    <Filter Include="02.GameObjects\01.Terrain">
      <UniqueIdentifier>{2ab5ffc4-f04e-4245-a69c-f43b79706f01}</UniqueIdentifier>
    </Filter>
    <Filter Include="02.GameObjects\99.Camera">
      <UniqueIdentifier>{98707949-c62a-4e9f-ab5a-f72b9ef89a1a}</UniqueIdentifier>
    </Filter>
    <Filter Include="02.GameObjects\NonAnimModel">
      <UniqueIdentifier>{f07725b1-7c8d-4e74-b346-a23ed786e8e3}</UniqueIdentifier>
    </Filter>
    <Filter Include="05.State">
      <UniqueIdentifier>{928459ee-b954-4696-8ab4-3516ab1edb38}</UniqueIdentifier>
    </Filter>
    <Filter Include="02.GameObjects\99.Camera\FreeCamera">
      <UniqueIdentifier>{05a171e3-c008-41b2-9277-5ad0af5ee2e4}</UniqueIdentifier>
    </Filter>
    <Filter Include="02.GameObjects\99.Camera\PlayerCamera">
      <UniqueIdentifier>{aa9c3c7d-7c7d-45e4-a686-4417fcf97d43}</UniqueIdentifier>
    </Filter>
    <Filter Include="05.State\Link">
      <UniqueIdentifier>{47a6bbd7-3f5e-4178-b37d-60aa8af72194}</UniqueIdentifier>
    </Filter>
    <Filter Include="05.State\Link\Idle">
      <UniqueIdentifier>{54d4723b-0f37-4a32-9076-220eac8da655}</UniqueIdentifier>
    </Filter>
    <Filter Include="05.State\Link\Walk">
      <UniqueIdentifier>{897149a0-9597-4080-a88f-2654c7190523}</UniqueIdentifier>
    </Filter>
    <Filter Include="05.State\Link\ItemA">
      <UniqueIdentifier>{24ca2bd4-3b83-4009-b88f-beb714d04917}</UniqueIdentifier>
    </Filter>
    <Filter Include="05.State\Link\ItemB">
      <UniqueIdentifier>{2b7f80c3-d46d-40b1-b63f-2bc1114f5f2c}</UniqueIdentifier>
    </Filter>
    <Filter Include="05.State\Link\Jump">
      <UniqueIdentifier>{1b435d19-5392-4673-a8c0-be20b31196c1}</UniqueIdentifier>
    </Filter>
    <Filter Include="05.State\Link\Slash">
      <UniqueIdentifier>{a84b48bd-185a-477a-a4b4-b2a091f9e07c}</UniqueIdentifier>
    </Filter>
    <Filter Include="02.GameObjects\02.Player">
      <UniqueIdentifier>{b20e7400-e886-4504-874d-70b03d49620a}</UniqueIdentifier>
    </Filter>
    <Filter Include="02.GameObjects\02.Player\Link">
      <UniqueIdentifier>{10e8a24e-fa9c-4ddd-870b-b4bbeeea14bd}</UniqueIdentifier>
    </Filter>
    <Filter Include="02.GameObjects\04.Land">
      <UniqueIdentifier>{63240ddd-2e22-4926-a00d-714b4825a65a}</UniqueIdentifier>
    </Filter>
    <Filter Include="02.GameObjects\05.Monster">
      <UniqueIdentifier>{c4065c8d-2859-4f11-9c85-22c03481c687}</UniqueIdentifier>
    </Filter>
    <Filter Include="02.GameObjects\05.Monster\00.Octorok">
      <UniqueIdentifier>{d9042b05-1782-4105-b0f4-79b05a23f27a}</UniqueIdentifier>
    </Filter>
    <Filter Include="02.GameObjects\05.Monster\01.SeaUrchin">
      <UniqueIdentifier>{4cc5d732-8df6-4d40-a708-8650c6537f0a}</UniqueIdentifier>
    </Filter>
    <Filter Include="05.State\Monster">
      <UniqueIdentifier>{3ca3c890-755f-4967-a7b2-2cad70bf3a5f}</UniqueIdentifier>
    </Filter>
    <Filter Include="05.State\Monster\01.SeaUrchin_State">
      <UniqueIdentifier>{8f892f11-689a-4f34-94cd-6f2a0803e103}</UniqueIdentifier>
    </Filter>
    <Filter Include="05.State\Monster\01.SeaUrchin_State\Idle">
      <UniqueIdentifier>{6084f9a0-f48e-40ad-8c70-cb28ee25d1ac}</UniqueIdentifier>
    </Filter>
    <Filter Include="05.State\Link\Shield">
      <UniqueIdentifier>{db8021ba-39f8-4ba3-8a7b-403cdb62a36d}</UniqueIdentifier>
    </Filter>
    <Filter Include="05.State\Link\Shield\ShieldWalk">
      <UniqueIdentifier>{4516b322-7675-4519-8ac2-4af95609cae0}</UniqueIdentifier>
    </Filter>
    <Filter Include="05.State\Monster\01.SeaUrchin_State\Pushed">
      <UniqueIdentifier>{8f6bccc3-cbf7-4e1f-be1b-bebb21251f34}</UniqueIdentifier>
    </Filter>
    <Filter Include="05.State\Monster\01.SeaUrchin_State\Dead">
      <UniqueIdentifier>{977e56d4-5d6b-4e5a-bafb-0ff634536bd6}</UniqueIdentifier>
    </Filter>
    <Filter Include="05.State\Monster\00.Octorok_State">
      <UniqueIdentifier>{19475523-4ad0-4958-833d-433b440616d7}</UniqueIdentifier>
    </Filter>
    <Filter Include="05.State\Monster\00.Octorok_State\Walk">
      <UniqueIdentifier>{19d16379-743e-4c18-b4ae-7201feb6f79b}</UniqueIdentifier>
    </Filter>
    <Filter Include="05.State\Monster\00.Octorok_State\Idle">
      <UniqueIdentifier>{e53dc9b6-d755-4323-9826-ae82a9863942}</UniqueIdentifier>
    </Filter>
    <Filter Include="05.State\Monster\00.Octorok_State\Attack">
      <UniqueIdentifier>{4c2b838e-d825-4264-8dd6-21a23d1d8856}</UniqueIdentifier>
    </Filter>
    <Filter Include="05.State\Monster\00.Octorok_State\Dead">
      <UniqueIdentifier>{a0bb4080-4e08-43dd-bc3f-392ade5186b5}</UniqueIdentifier>
    </Filter>
    <Filter Include="02.GameObjects\05.Monster\00.Octorok\OctorokRock">
      <UniqueIdentifier>{77f3c874-8fc7-4c3c-a488-f45e5b760d7d}</UniqueIdentifier>
    </Filter>
    <Filter Include="02.GameObjects\05.Monster\12.Rola">
      <UniqueIdentifier>{a25a541b-64b7-49b3-a457-b670b381ec35}</UniqueIdentifier>
    </Filter>
    <Filter Include="05.State\Monster\13.Rola_State">
      <UniqueIdentifier>{91583637-321b-449d-9029-796f17d8b884}</UniqueIdentifier>
    </Filter>
    <Filter Include="05.State\Monster\13.Rola_State\Idle">
      <UniqueIdentifier>{fed7e87d-4028-41d9-9467-199eb245f99f}</UniqueIdentifier>
    </Filter>
    <Filter Include="05.State\Monster\13.Rola_State\Jump">
      <UniqueIdentifier>{def9a34d-4f97-4171-bc8e-c94d3657fb29}</UniqueIdentifier>
    </Filter>
    <Filter Include="05.State\Monster\13.Rola_State\Push">
      <UniqueIdentifier>{a55d1743-afd1-47f0-baad-5c229e238a21}</UniqueIdentifier>
    </Filter>
    <Filter Include="05.State\Monster\13.Rola_State\Demage">
      <UniqueIdentifier>{6544d60b-7ca3-409f-aa07-fa3f91b031ec}</UniqueIdentifier>
    </Filter>
    <Filter Include="05.State\Monster\13.Rola_State\Dead">
      <UniqueIdentifier>{22189fa5-5dee-4de2-8122-da6038b05567}</UniqueIdentifier>
    </Filter>
    <Filter Include="02.GameObjects\05.Monster\02.Spark">
      <UniqueIdentifier>{f341006b-c803-4d6a-83dd-7fd6e397a3a9}</UniqueIdentifier>
    </Filter>
    <Filter Include="05.State\Monster\02.Spark_State">
      <UniqueIdentifier>{e5728f72-c9da-4b77-8bda-0221cffe64db}</UniqueIdentifier>
    </Filter>
    <Filter Include="05.State\Monster\02.Spark_State\Idle">
      <UniqueIdentifier>{19eefed1-6bae-4909-ac44-383c71ef6a83}</UniqueIdentifier>
    </Filter>
    <Filter Include="05.State\Monster\03.Pawn_State">
      <UniqueIdentifier>{e0976747-d517-4993-84e6-21267778b04b}</UniqueIdentifier>
    </Filter>
    <Filter Include="05.State\Monster\03.Pawn_State\Idle">
      <UniqueIdentifier>{b477b8b6-7797-4bf0-a4e2-879c4bdffc26}</UniqueIdentifier>
    </Filter>
    <Filter Include="05.State\Monster\03.Pawn_State\Walk">
      <UniqueIdentifier>{ef79f7c1-ed08-4f5c-a2af-fbb76b70b7ed}</UniqueIdentifier>
    </Filter>
    <Filter Include="05.State\Monster\03.Pawn_State\Damage">
      <UniqueIdentifier>{c3fe723e-046b-4c39-8206-8d294be5cc6e}</UniqueIdentifier>
    </Filter>
    <Filter Include="05.State\Monster\03.Pawn_State\Dead_Fall">
      <UniqueIdentifier>{226754ee-adcd-47a2-88a4-750051d6958a}</UniqueIdentifier>
    </Filter>
    <Filter Include="02.GameObjects\05.Monster\03.Pawn">
      <UniqueIdentifier>{1505e1a1-b62c-4cee-a35a-16fce82114d4}</UniqueIdentifier>
    </Filter>
    <Filter Include="05.State\Monster\03.Pawn_State\Jump">
      <UniqueIdentifier>{2db1b02d-83c1-4054-8fcd-23bff420e32c}</UniqueIdentifier>
    </Filter>
    <Filter Include="02.GameObjects\05.Monster\04.Togezo">
      <UniqueIdentifier>{2585b032-24b8-48f5-bbc2-62b946d16240}</UniqueIdentifier>
    </Filter>
    <Filter Include="05.State\Monster\04.Togezo_State">
      <UniqueIdentifier>{b0288739-3ee0-4499-ad0c-dfab9b8aaeba}</UniqueIdentifier>
    </Filter>
    <Filter Include="05.State\Monster\04.Togezo_State\Idle">
      <UniqueIdentifier>{4a07a8cd-1887-4e85-85ea-2e32927493f7}</UniqueIdentifier>
    </Filter>
    <Filter Include="05.State\Monster\04.Togezo_State\Run">
      <UniqueIdentifier>{a3669238-2891-4a46-a2d3-333d103d01d2}</UniqueIdentifier>
    </Filter>
    <Filter Include="05.State\Monster\04.Togezo_State\Rebound">
      <UniqueIdentifier>{97dfda09-c48f-4c9c-bc38-92e1e68f5106}</UniqueIdentifier>
    </Filter>
    <Filter Include="05.State\Monster\04.Togezo_State\Discover">
      <UniqueIdentifier>{53cd9b0a-b53f-4a41-b779-48106636a11f}</UniqueIdentifier>
    </Filter>
    <Filter Include="05.State\Monster\04.Togezo_State\Damage">
      <UniqueIdentifier>{c8c6f176-af2c-4207-904d-6d5aedd528ee}</UniqueIdentifier>
    </Filter>
    <Filter Include="05.State\Link\Stair_Up">
      <UniqueIdentifier>{045549e6-ea47-4d41-8eef-624664a0eee4}</UniqueIdentifier>
    </Filter>
    <Filter Include="05.State\Link\Stair_Down">
      <UniqueIdentifier>{385aacde-b69a-413d-b8f7-414086bd88ea}</UniqueIdentifier>
    </Filter>
    <Filter Include="05.State\Monster\05.Kuribo _State">
      <UniqueIdentifier>{6922e06b-9cb7-4092-9069-8b7e299bb8f5}</UniqueIdentifier>
    </Filter>
    <Filter Include="05.State\Monster\05.Kuribo _State\Idle">
      <UniqueIdentifier>{d6889c00-1db8-46cb-9068-fb4f8aefae85}</UniqueIdentifier>
    </Filter>
    <Filter Include="05.State\Monster\05.Kuribo _State\Walk">
      <UniqueIdentifier>{cafab7dc-7e9f-4432-a6ae-0686120b9f17}</UniqueIdentifier>
    </Filter>
    <Filter Include="05.State\Monster\05.Kuribo _State\Dead">
      <UniqueIdentifier>{5ec877ad-fe7e-496e-ad6c-a21cdecca8fa}</UniqueIdentifier>
    </Filter>
    <Filter Include="02.GameObjects\05.Monster\05.Kuribo">
      <UniqueIdentifier>{ed745339-4e6c-49d1-9613-da16873a5fb5}</UniqueIdentifier>
    </Filter>
    <Filter Include="05.State\Monster\05.Kuribo _State\Walk_Shake">
      <UniqueIdentifier>{8330fc3f-33f0-4d0f-b298-af4b8a88cbbf}</UniqueIdentifier>
    </Filter>
    <Filter Include="02.GameObjects\05.Monster\06.Vegas">
      <UniqueIdentifier>{a7a52e04-4001-4b8e-9c93-b45425fb4f8d}</UniqueIdentifier>
    </Filter>
    <Filter Include="05.State\Monster\06.Vegas_State">
      <UniqueIdentifier>{7498add9-5aee-4ba9-b498-05514555b41d}</UniqueIdentifier>
    </Filter>
    <Filter Include="05.State\Monster\06.Vegas_State\Idle">
      <UniqueIdentifier>{53964727-0b3b-43f3-b1dc-31f94fb081b4}</UniqueIdentifier>
    </Filter>
    <Filter Include="05.State\Monster\06.Vegas_State\Dead">
      <UniqueIdentifier>{94fb9925-e0c5-4ce4-80b5-22ea2214094f}</UniqueIdentifier>
    </Filter>
    <Filter Include="05.State\Monster\06.Vegas_State\Damage">
      <UniqueIdentifier>{ccbc294a-30da-4365-97d3-c8edc9484e8e}</UniqueIdentifier>
    </Filter>
    <Filter Include="05.State\Monster\06.Vegas_State\Walk_f">
      <UniqueIdentifier>{2e380197-fa87-4868-ab2b-2f414b94ce36}</UniqueIdentifier>
    </Filter>
    <Filter Include="05.State\Monster\06.Vegas_State\Walk_b">
      <UniqueIdentifier>{f0107e0b-3393-48a0-a8bb-5b263151df96}</UniqueIdentifier>
    </Filter>
    <Filter Include="05.State\Monster\06.Vegas_State\Walk_l">
      <UniqueIdentifier>{d573eafe-8c70-4aeb-834c-fcb7e227ee8d}</UniqueIdentifier>
    </Filter>
    <Filter Include="05.State\Monster\06.Vegas_State\Walk_r">
      <UniqueIdentifier>{f8621d0f-3e88-4189-97ca-2d4ddf1c752a}</UniqueIdentifier>
    </Filter>
    <Filter Include="05.State\Link\Slash_Hold">
      <UniqueIdentifier>{894cccf3-a37c-481b-a037-2125ddee93d5}</UniqueIdentifier>
    </Filter>
    <Filter Include="01.Levels\GamePlay\Test">
      <UniqueIdentifier>{eeed427c-1f77-4e3b-abf9-ae8b9f3c37de}</UniqueIdentifier>
    </Filter>
    <Filter Include="02.GameObjects\04.Land\NavDataObj">
      <UniqueIdentifier>{039b980a-7102-4bea-ae55-511de30993ff}</UniqueIdentifier>
    </Filter>
    <Filter Include="02.GameObjects\03.Objects">
      <UniqueIdentifier>{d7c79efa-1893-4c6e-af1b-b766d09e0649}</UniqueIdentifier>
    </Filter>
    <Filter Include="02.GameObjects\03.Objects\MarinHouse">
      <UniqueIdentifier>{49df0f6d-bec7-4ccf-91fd-6c80d9b42fb7}</UniqueIdentifier>
    </Filter>
    <Filter Include="02.GameObjects\03.Objects\MarinHouse\01.Bed">
      <UniqueIdentifier>{847cea1b-3ead-4601-b3b9-62e6fbed1b93}</UniqueIdentifier>
    </Filter>
    <Filter Include="02.GameObjects\03.Objects\MarinHouse\00.HousePot">
      <UniqueIdentifier>{b9c818b2-440e-418b-b623-45ac139c5247}</UniqueIdentifier>
    </Filter>
    <Filter Include="02.GameObjects\03.Objects\Field">
      <UniqueIdentifier>{09fdc50f-8ed5-4206-8d93-50561117bbca}</UniqueIdentifier>
    </Filter>
    <Filter Include="02.GameObjects\03.Objects\Field\00.Grass">
      <UniqueIdentifier>{41d6c7ff-d07a-4239-bc30-a4d777bd442f}</UniqueIdentifier>
    </Filter>
    <Filter Include="02.GameObjects\03.Objects\Field\02.Tree">
      <UniqueIdentifier>{bf06a8ce-380e-40b0-9575-e67fc98f44ef}</UniqueIdentifier>
    </Filter>
    <Filter Include="02.GameObjects\03.Objects\Field\03.Weathercock">
      <UniqueIdentifier>{2501543f-0e85-4e41-8398-c3ec077e54c4}</UniqueIdentifier>
    </Filter>
    <Filter Include="01.Levels\GamePlay\00.Logo">
      <UniqueIdentifier>{bfceb82a-607f-4756-925e-dbf78b769e31}</UniqueIdentifier>
    </Filter>
    <Filter Include="01.Levels\GamePlay\01.MarinHouse">
      <UniqueIdentifier>{9583df09-6512-475b-99f6-6f7b2783be37}</UniqueIdentifier>
    </Filter>
    <Filter Include="01.Levels\GamePlay\02.Field">
      <UniqueIdentifier>{9e630c1c-91ff-48ce-96aa-0807999cd827}</UniqueIdentifier>
    </Filter>
    <Filter Include="05.State\Link\Fall">
      <UniqueIdentifier>{ff7ffbb0-4df7-452e-9d7b-98ab95c0c6e2}</UniqueIdentifier>
    </Filter>
    <Filter Include="01.Levels\GamePlay\03.Dungeon">
      <UniqueIdentifier>{64249e8b-c1df-425d-90e9-168251657790}</UniqueIdentifier>
    </Filter>
    <Filter Include="02.GameObjects\02.Player\Sword">
      <UniqueIdentifier>{2b12d0fe-1ddf-4eb7-9752-3cb213ba4f30}</UniqueIdentifier>
    </Filter>
    <Filter Include="02.GameObjects\02.Player\Shield">
      <UniqueIdentifier>{a0df74c1-0a87-4437-b7df-b907bec9fff8}</UniqueIdentifier>
    </Filter>
    <Filter Include="02.GameObjects\03.Objects\Field\04.TailLockStatue">
      <UniqueIdentifier>{d75bc0b1-df6f-4e18-92e0-7f56ee48c226}</UniqueIdentifier>
    </Filter>
    <Filter Include="02.GameObjects\03.Objects\Field\05.TailCaveShutter">
      <UniqueIdentifier>{44b07006-ae19-42ed-b4c8-a69b16f54d42}</UniqueIdentifier>
    </Filter>
    <Filter Include="02.GameObjects\05.Monster\13.DeguTail">
      <UniqueIdentifier>{ddfa43f5-0c7a-46b3-8696-0b307fcea640}</UniqueIdentifier>
    </Filter>
    <Filter Include="05.State\Monster\14.DeguTail">
      <UniqueIdentifier>{7595ad43-ed19-4c2b-a263-a754ca5c3835}</UniqueIdentifier>
    </Filter>
    <Filter Include="02.GameObjects\03.Objects\Dungeon">
      <UniqueIdentifier>{10940312-34ba-4e68-ab63-8b3ca517bad2}</UniqueIdentifier>
    </Filter>
    <Filter Include="02.GameObjects\05.Monster\13.DeguTail\DeguTail_01%28Body%29">
      <UniqueIdentifier>{3d0c32e5-4f6b-4e15-ab26-d2e7c9ed8be1}</UniqueIdentifier>
    </Filter>
    <Filter Include="02.GameObjects\05.Monster\13.DeguTail\DeguTail_04%28Tail%29">
      <UniqueIdentifier>{5a8cbcfd-4851-45d0-9b74-d0bc5d05c5ca}</UniqueIdentifier>
    </Filter>
    <Filter Include="05.State\Monster\14.DeguTail\Head">
      <UniqueIdentifier>{9b10cf62-b829-4e1a-a071-b2e4b4c428a7}</UniqueIdentifier>
    </Filter>
    <Filter Include="05.State\Monster\14.DeguTail\Head\Walk">
      <UniqueIdentifier>{2d5f622d-a199-4223-9ca2-7ddf7e4ed86e}</UniqueIdentifier>
    </Filter>
    <Filter Include="05.State\Monster\14.DeguTail\Head\Idle">
      <UniqueIdentifier>{fddc2511-e1eb-47ff-8f92-6d43ceb3d198}</UniqueIdentifier>
    </Filter>
    <Filter Include="05.State\Monster\14.DeguTail\Head\Appear">
      <UniqueIdentifier>{306f4dc6-2fc9-4b5d-8d37-4dca4b3adbb3}</UniqueIdentifier>
    </Filter>
    <Filter Include="05.State\Monster\14.DeguTail\Head\Hurt">
      <UniqueIdentifier>{37170057-7a5c-4c6a-9095-ea9a58225208}</UniqueIdentifier>
    </Filter>
    <Filter Include="05.State\Monster\14.DeguTail\Head\Guard">
      <UniqueIdentifier>{5c02a251-3712-4e14-9c0e-1eb9068fbe52}</UniqueIdentifier>
    </Filter>
    <Filter Include="05.State\Monster\14.DeguTail\Head\Dead">
      <UniqueIdentifier>{0b53544a-012e-4604-85ce-2da214544d70}</UniqueIdentifier>
    </Filter>
    <Filter Include="02.GameObjects\06.Particle">
      <UniqueIdentifier>{dc349804-0e8f-4acc-81d4-25a24efcfc76}</UniqueIdentifier>
    </Filter>
    <Filter Include="02.GameObjects\06.Particle\Test_Explosion">
      <UniqueIdentifier>{69bb110b-9fcb-418e-a96c-ff3e2308f571}</UniqueIdentifier>
    </Filter>
    <Filter Include="05.State\Link\Damage_Front">
      <UniqueIdentifier>{fb1a2c64-fec2-4618-ac88-c263119fd432}</UniqueIdentifier>
    </Filter>
    <Filter Include="02.GameObjects\99.Camera\AnimModel">
      <UniqueIdentifier>{c1db762a-68d0-4517-b168-df23579cb577}</UniqueIdentifier>
    </Filter>
    <Filter Include="02.GameObjects\05.Monster\Detector">
      <UniqueIdentifier>{1e1e0c1a-b014-401a-90ff-1f7e473f2a0e}</UniqueIdentifier>
    </Filter>
    <Filter Include="02.GameObjects\06.Particle\Test_Snow">
      <UniqueIdentifier>{d1d531b4-5c15-4e42-9780-1426273bb984}</UniqueIdentifier>
    </Filter>
    <Filter Include="02.GameObjects\03.Objects\Dungeon\Anim">
      <UniqueIdentifier>{aeb3684c-c8a8-46aa-ab68-fa28e86e4eb5}</UniqueIdentifier>
    </Filter>
    <Filter Include="02.GameObjects\03.Objects\Dungeon\Anim\TreasureBox">
      <UniqueIdentifier>{bcb1eff2-8464-4812-a214-8cef24723f3f}</UniqueIdentifier>
    </Filter>
    <Filter Include="02.GameObjects\03.Objects\Dungeon\Anim\SpikeTile">
      <UniqueIdentifier>{431b3518-905b-4084-8fdc-5d3cc1b19c42}</UniqueIdentifier>
    </Filter>
    <Filter Include="02.GameObjects\03.Objects\Dungeon\NonAnim">
      <UniqueIdentifier>{49101cec-c0dc-4bd9-b88e-90e917bde564}</UniqueIdentifier>
    </Filter>
    <Filter Include="02.GameObjects\03.Objects\Dungeon\NonAnim\StoneHinoxRock">
      <UniqueIdentifier>{e3978932-85a7-47ae-83ce-e5cdf824bb54}</UniqueIdentifier>
    </Filter>
    <Filter Include="02.GameObjects\03.Objects\Dungeon\NonAnim\OwlStatue">
      <UniqueIdentifier>{11f8f513-233e-4ba8-bcc1-fe89648dd041}</UniqueIdentifier>
    </Filter>
    <Filter Include="02.GameObjects\03.Objects\Dungeon\NonAnim\SquareBlock">
      <UniqueIdentifier>{7a4f215f-dc29-4bdf-a49d-8bedb41c6253}</UniqueIdentifier>
    </Filter>
    <Filter Include="02.GameObjects\03.Objects\Dungeon\NonAnim\CrackedWall">
      <UniqueIdentifier>{adb807a8-7baf-4bc7-a076-f3bdfc02978d}</UniqueIdentifier>
    </Filter>
    <Filter Include="02.GameObjects\03.Objects\Dungeon\NonAnim\CollapseTile">
      <UniqueIdentifier>{ed5d1ae1-5d26-4801-aefc-9a9056a32fd4}</UniqueIdentifier>
    </Filter>
    <Filter Include="05.State\Link\Carry">
      <UniqueIdentifier>{44f17ec8-2b6e-443d-a25e-08fc538fd0bf}</UniqueIdentifier>
    </Filter>
    <Filter Include="05.State\Link\Carry\Carry_Walk">
      <UniqueIdentifier>{cdd864c7-9e90-4775-9903-fc9ac0410d31}</UniqueIdentifier>
    </Filter>
    <Filter Include="05.State\Link\Carry\Throw">
      <UniqueIdentifier>{46e88d5a-5642-4031-a887-64eb47259f86}</UniqueIdentifier>
    </Filter>
    <Filter Include="05.State\Link\Get_Item">
      <UniqueIdentifier>{532bc9cd-2259-46e1-ab01-669b826ebd7b}</UniqueIdentifier>
    </Filter>
    <Filter Include="02.GameObjects\07.UI">
      <UniqueIdentifier>{8b5d9314-e21f-4fe6-ac5f-ecaff006e125}</UniqueIdentifier>
    </Filter>
    <Filter Include="02.GameObjects\07.UI\Player">
      <UniqueIdentifier>{95da6917-0ca7-4fcd-b632-6ba11c89371b}</UniqueIdentifier>
    </Filter>
    <Filter Include="02.GameObjects\07.UI\Player\Interact">
      <UniqueIdentifier>{41ffd962-005b-4c02-8506-2e4fe7a46269}</UniqueIdentifier>
    </Filter>
    <Filter Include="02.GameObjects\07.UI\Player\ItemUI">
      <UniqueIdentifier>{06328f33-e3fd-4ce3-808b-0b29c113adc9}</UniqueIdentifier>
    </Filter>
    <Filter Include="02.GameObjects\03.Objects\Dungeon\Anim\FootSwitch">
      <UniqueIdentifier>{c4864dfe-80c8-4b37-8995-96a5dca0517d}</UniqueIdentifier>
    </Filter>
    <Filter Include="02.GameObjects\03.Objects\Dungeon\NonAnim\SmallKey">
      <UniqueIdentifier>{7c3e22a5-d709-4d8e-9764-6de8fd3e187c}</UniqueIdentifier>
    </Filter>
    <Filter Include="02.GameObjects\03.Objects\Dungeon\Anim\ClosedPotDoor">
      <UniqueIdentifier>{53b3a526-68ad-4966-a2a5-d5e3eb58dbb8}</UniqueIdentifier>
    </Filter>
    <Filter Include="02.GameObjects\02.Player\Bomb">
      <UniqueIdentifier>{b4dadc6f-63a1-42cb-937f-730338494cdc}</UniqueIdentifier>
    </Filter>
    <Filter Include="05.State\Link\Bomb">
      <UniqueIdentifier>{c3d34d07-4a0d-41e8-a511-06416e1badc6}</UniqueIdentifier>
    </Filter>
    <Filter Include="02.GameObjects\03.Objects\Dungeon\NonAnim\PurpleQuartz">
      <UniqueIdentifier>{b4f7c0b9-b19a-4651-9d5d-52aef9dbdfd6}</UniqueIdentifier>
    </Filter>
    <Filter Include="02.GameObjects\03.Objects\Dungeon\NonAnim\LockBlock">
      <UniqueIdentifier>{f6f8d2d5-e877-4db3-bc8c-fb56e1e46721}</UniqueIdentifier>
    </Filter>
    <Filter Include="02.GameObjects\03.Objects\Dungeon\Anim\BladeTrap">
      <UniqueIdentifier>{f5601bdd-10b4-4975-a510-8afdec376208}</UniqueIdentifier>
    </Filter>
    <Filter Include="02.GameObjects\03.Objects\Dungeon\Anim\LockDoor">
      <UniqueIdentifier>{5b929e7a-ee29-4a9e-a6e4-ea6bf1fa79a0}</UniqueIdentifier>
    </Filter>
    <Filter Include="05.State\Link\Key">
      <UniqueIdentifier>{b61cbbaf-8d72-4024-aff1-b7e5b963af57}</UniqueIdentifier>
    </Filter>
    <Filter Include="02.GameObjects\03.Objects\Dungeon\Anim\RollingSpike">
      <UniqueIdentifier>{1f22ed25-c744-46f4-903d-8a15970fa3b3}</UniqueIdentifier>
    </Filter>
    <Filter Include="02.GameObjects\03.Objects\Dungeon\Anim\OnewayDoorReverse">
      <UniqueIdentifier>{09cd779b-bd66-4b44-b15b-e22df431c108}</UniqueIdentifier>
    </Filter>
    <Filter Include="02.GameObjects\03.Objects\Dungeon\Anim\BossDoor">
      <UniqueIdentifier>{7739a8a4-ed0c-4460-b627-59211e19a36e}</UniqueIdentifier>
    </Filter>
    <Filter Include="02.GameObjects\03.Objects\Dungeon\NonAnim\ConchHorn">
      <UniqueIdentifier>{986b1788-49c7-4153-9176-1ffb5fb8f00c}</UniqueIdentifier>
    </Filter>
    <Filter Include="05.State\Link\Push">
      <UniqueIdentifier>{3e23b3ea-7aca-4ab0-a7bc-3045f288558d}</UniqueIdentifier>
    </Filter>
    <Filter Include="02.GameObjects\06.Particle\Particle_Model">
      <UniqueIdentifier>{9a8fb791-cbc8-44a1-a675-0f1494969d15}</UniqueIdentifier>
    </Filter>
    <Filter Include="02.GameObjects\03.Objects\Field\06.SinkingSword">
      <UniqueIdentifier>{7b680b93-dd1a-44e5-9c93-56b1d80b48da}</UniqueIdentifier>
    </Filter>
    <Filter Include="01.Levels\GamePlay\04.Store">
      <UniqueIdentifier>{ff4d4680-ab72-4af8-9f14-d38c01e1f72a}</UniqueIdentifier>
    </Filter>
    <Filter Include="02.GameObjects\03.Objects\Store_Item">
      <UniqueIdentifier>{f8819151-8f4c-48df-bd21-d31c6cc839d3}</UniqueIdentifier>
    </Filter>
    <Filter Include="02.GameObjects\08.NPC">
      <UniqueIdentifier>{ebaf7977-270b-4f88-8991-6cf6e38f9292}</UniqueIdentifier>
    </Filter>
    <Filter Include="02.GameObjects\08.NPC\ToolShopkeeper">
      <UniqueIdentifier>{437bbc75-4125-466f-94c9-4ae44fe39c47}</UniqueIdentifier>
    </Filter>
    <Filter Include="05.State\NPC">
      <UniqueIdentifier>{bb2999a9-eb84-401b-96c3-ec114b50d62c}</UniqueIdentifier>
    </Filter>
    <Filter Include="05.State\NPC\ToolShopkeeper">
      <UniqueIdentifier>{452fb98e-e8e2-4527-a255-457daba1b29d}</UniqueIdentifier>
    </Filter>
    <Filter Include="05.State\NPC\ToolShopkeeper\Idle">
      <UniqueIdentifier>{3c31cbd5-0d30-484d-b02f-3d7e5f5b70e0}</UniqueIdentifier>
    </Filter>
    <Filter Include="05.State\NPC\ToolShopkeeper\Talk">
      <UniqueIdentifier>{c067edd2-6d68-41df-8549-b7414a7869ac}</UniqueIdentifier>
    </Filter>
    <Filter Include="05.State\NPC\ToolShopkeeper\Attack">
      <UniqueIdentifier>{d52fd3c4-db61-4f23-9c2d-b1f570105263}</UniqueIdentifier>
    </Filter>
    <Filter Include="02.GameObjects\07.UI\DialogueUI">
      <UniqueIdentifier>{87596725-47ec-478b-b84c-b5c5de94c138}</UniqueIdentifier>
    </Filter>
    <Filter Include="02.GameObjects\07.UI\ChoiceBtn">
      <UniqueIdentifier>{4b0aca3a-f38e-4459-9c92-4d625115221a}</UniqueIdentifier>
    </Filter>
    <Filter Include="02.GameObjects\03.Objects\Field\Lupee">
      <UniqueIdentifier>{ddb4ab15-1568-49d6-9765-9f918fa16a08}</UniqueIdentifier>
    </Filter>
    <Filter Include="02.GameObjects\07.UI\MainUI">
      <UniqueIdentifier>{5ef23852-f4ec-45d6-aff1-6ad2f12d6b0d}</UniqueIdentifier>
    </Filter>
    <Filter Include="02.GameObjects\07.UI\MainUI\LupeeUI">
      <UniqueIdentifier>{6746693c-8bed-4184-b533-7522157f57c7}</UniqueIdentifier>
    </Filter>
    <Filter Include="02.GameObjects\03.Objects\Teleport">
      <UniqueIdentifier>{7d471800-93bb-4cb8-9cb7-27188e76f7f3}</UniqueIdentifier>
    </Filter>
    <Filter Include="02.GameObjects\07.UI\MainUI\HPUI">
      <UniqueIdentifier>{5b89bf0e-2a77-49b3-8daa-11e029b8fae4}</UniqueIdentifier>
    </Filter>
    <Filter Include="02.GameObjects\07.UI\MainUI\HPUI\Heart">
      <UniqueIdentifier>{309d9c82-3dc1-4737-81b4-0dfbe2d0f954}</UniqueIdentifier>
    </Filter>
    <Filter Include="02.GameObjects\07.UI\MainUI\KeyUI">
      <UniqueIdentifier>{348f19a0-c840-49e2-a41e-0346a5d71dbc}</UniqueIdentifier>
    </Filter>
    <Filter Include="02.GameObjects\07.UI\MainUI\ItemIconUI">
      <UniqueIdentifier>{4cda1015-21b2-4184-9269-f0fe6cb71646}</UniqueIdentifier>
    </Filter>
    <Filter Include="02.GameObjects\07.UI\MainUI\Campus">
      <UniqueIdentifier>{7a15ef6e-acc2-445e-848a-cb1bfeb89955}</UniqueIdentifier>
    </Filter>
    <Filter Include="02.GameObjects\07.UI\MainUI\InvenUI">
      <UniqueIdentifier>{c39b0444-12f3-44c2-99ec-0282097545ba}</UniqueIdentifier>
    </Filter>
    <Filter Include="02.GameObjects\07.UI\MainUI\MiniMap">
      <UniqueIdentifier>{af206eb0-ce13-4c44-97ff-f5219d8906be}</UniqueIdentifier>
    </Filter>
    <Filter Include="02.GameObjects\07.UI\MainUI\MiniMap\MapBackGround">
      <UniqueIdentifier>{ef8f9da3-15b8-408d-86fc-79f73c610739}</UniqueIdentifier>
    </Filter>
    <Filter Include="02.GameObjects\07.UI\MainUI\MiniMap\MapUI">
      <UniqueIdentifier>{15f88881-b0e5-4125-80a9-ea4e4bf50e4d}</UniqueIdentifier>
    </Filter>
    <Filter Include="02.GameObjects\08.Effects">
      <UniqueIdentifier>{b9770d46-cbfd-4321-81ec-d756a494e33d}</UniqueIdentifier>
    </Filter>
    <Filter Include="02.GameObjects\08.Effects\MonsterDied">
      <UniqueIdentifier>{a5e69964-92ba-415c-9091-0a6ce84680c8}</UniqueIdentifier>
    </Filter>
    <Filter Include="02.GameObjects\06.Particle\Particle_Image">
      <UniqueIdentifier>{a316a826-0d51-4999-890f-4f52078f6546}</UniqueIdentifier>
    </Filter>
    <Filter Include="02.GameObjects\08.Effects\2D_Defaults">
      <UniqueIdentifier>{1c47e99f-4fd9-4f1f-8afb-96862a73b2b7}</UniqueIdentifier>
    </Filter>
    <Filter Include="02.GameObjects\08.Effects\2D_Defaults\Glow_Effect">
      <UniqueIdentifier>{8f02d884-a77a-4b21-82ec-3f8d768e1165}</UniqueIdentifier>
    </Filter>
    <Filter Include="02.GameObjects\08.Effects\2D_Defaults\Cross_Effect">
      <UniqueIdentifier>{7055d7a1-e940-4790-92ea-3c18140ca8b0}</UniqueIdentifier>
    </Filter>
    <Filter Include="02.GameObjects\08.Effects\2D_Defaults\Smoke_Effect">
      <UniqueIdentifier>{5fe6c222-05b4-4d37-9b2b-12570355c35e}</UniqueIdentifier>
    </Filter>
    <Filter Include="02.GameObjects\08.Effects\2D_Defaults\Light_Effect">
      <UniqueIdentifier>{26b984f6-07e4-4333-8771-dfbfdbf8b59a}</UniqueIdentifier>
    </Filter>
    <Filter Include="02.GameObjects\08.Effects\BombExplosion">
      <UniqueIdentifier>{4f9301d1-89e0-49eb-b9fb-517b050f1f41}</UniqueIdentifier>
    </Filter>
  </ItemGroup>
  <ItemGroup>
    <ClInclude Include="Client.h">
      <Filter>98.Default</Filter>
    </ClInclude>
    <ClInclude Include="Resource.h">
      <Filter>98.Default</Filter>
    </ClInclude>
    <ClInclude Include="stdafx.h">
      <Filter>98.Default</Filter>
    </ClInclude>
    <ClInclude Include="targetver.h">
      <Filter>98.Default</Filter>
    </ClInclude>
    <ClInclude Include="..\Public\MainApp.h">
      <Filter>00.MainApp</Filter>
    </ClInclude>
    <ClInclude Include="..\Public\Client_Defines.h">
      <Filter>99.Defines</Filter>
    </ClInclude>
    <ClInclude Include="..\Public\Level_Logo.h">
      <Filter>01.Levels\GamePlay\00.Logo</Filter>
    </ClInclude>
    <ClInclude Include="..\Public\Level_Loading.h">
      <Filter>01.Levels\Loading</Filter>
    </ClInclude>
    <ClInclude Include="..\public\Loader.h">
      <Filter>01.Levels\Loading\Loader</Filter>
    </ClInclude>
    <ClInclude Include="..\public\BackGround.h">
      <Filter>02.GameObjects\00.BackGround</Filter>
    </ClInclude>
    <ClInclude Include="..\Public\Terrain.h">
      <Filter>02.GameObjects\01.Terrain</Filter>
    </ClInclude>
    <ClInclude Include="..\Public\NonAnimModel.h">
      <Filter>02.GameObjects\NonAnimModel</Filter>
    </ClInclude>
    <ClInclude Include="..\Public\AnimModel.h">
      <Filter>02.GameObjects\99.Camera\AnimModel</Filter>
    </ClInclude>
    <ClInclude Include="..\Public\Player.h">
      <Filter>02.GameObjects\02.Player</Filter>
    </ClInclude>
    <ClInclude Include="..\Public\FreeCamera.h">
      <Filter>02.GameObjects\99.Camera\FreeCamera</Filter>
    </ClInclude>
    <ClInclude Include="..\Public\PlayerCamera.h">
      <Filter>02.GameObjects\99.Camera\PlayerCamera</Filter>
    </ClInclude>
    <ClInclude Include="..\Public\Link.h">
      <Filter>02.GameObjects\02.Player\Link</Filter>
    </ClInclude>
    <ClInclude Include="..\Public\State_Link_Idle.h">
      <Filter>05.State\Link\Idle</Filter>
    </ClInclude>
    <ClInclude Include="..\Public\State_Link_Walk.h">
      <Filter>05.State\Link\Walk</Filter>
    </ClInclude>
    <ClInclude Include="..\Public\State_Link_ItemA.h">
      <Filter>05.State\Link\ItemA</Filter>
    </ClInclude>
    <ClInclude Include="..\Public\State_Link_ItemB.h">
      <Filter>05.State\Link\ItemB</Filter>
    </ClInclude>
    <ClInclude Include="..\Public\State_Link_Jump.h">
      <Filter>05.State\Link\Jump</Filter>
    </ClInclude>
    <ClInclude Include="..\Public\Land.h">
      <Filter>02.GameObjects\04.Land</Filter>
    </ClInclude>
    <ClInclude Include="..\Public\HousePot.h">
      <Filter>02.GameObjects\03.Objects\MarinHouse\00.HousePot</Filter>
    </ClInclude>
    <ClInclude Include="..\Public\Bed.h">
      <Filter>02.GameObjects\03.Objects\MarinHouse\01.Bed</Filter>
    </ClInclude>
    <ClInclude Include="..\Public\State_Link_Slash.h">
      <Filter>05.State\Link\Slash</Filter>
    </ClInclude>
    <ClInclude Include="..\Public\State_Link_Shield.h">
      <Filter>05.State\Link\Shield</Filter>
    </ClInclude>
    <ClInclude Include="..\Public\State_Link_Shield_Walk.h">
      <Filter>05.State\Link\Shield\ShieldWalk</Filter>
    </ClInclude>
    <ClInclude Include="..\Public\Level_MarinHouse.h">
      <Filter>01.Levels\GamePlay\01.MarinHouse</Filter>
    </ClInclude>
    <ClInclude Include="..\Public\Level_Field.h">
      <Filter>01.Levels\GamePlay\02.Field</Filter>
    </ClInclude>
    <ClInclude Include="..\Public\Monster.h">
      <Filter>02.GameObjects\05.Monster</Filter>
    </ClInclude>
    <ClInclude Include="..\Public\SeaUrchin.h">
      <Filter>02.GameObjects\05.Monster\01.SeaUrchin</Filter>
    </ClInclude>
    <ClInclude Include="..\Public\State_SeaUrchin_Idle.h">
      <Filter>05.State\Monster\01.SeaUrchin_State\Idle</Filter>
    </ClInclude>
    <ClInclude Include="..\Public\State_SeaUrchin_Pushed.h">
      <Filter>05.State\Monster\01.SeaUrchin_State\Pushed</Filter>
    </ClInclude>
    <ClInclude Include="..\Public\State_SeaUrchin_Dead.h">
      <Filter>05.State\Monster\01.SeaUrchin_State\Dead</Filter>
    </ClInclude>
    <ClInclude Include="..\Public\Octorok.h">
      <Filter>02.GameObjects\05.Monster\00.Octorok</Filter>
    </ClInclude>
    <ClInclude Include="..\Public\State_Octorok_Idle.h">
      <Filter>05.State\Monster\00.Octorok_State\Idle</Filter>
    </ClInclude>
    <ClInclude Include="..\Public\State_Octorok_Attack.h">
      <Filter>05.State\Monster\00.Octorok_State\Attack</Filter>
    </ClInclude>
    <ClInclude Include="..\Public\State_Octorok_Dead.h">
      <Filter>05.State\Monster\00.Octorok_State\Dead</Filter>
    </ClInclude>
    <ClInclude Include="..\Public\State_Octorok_Walk.h">
      <Filter>05.State\Monster\00.Octorok_State\Walk</Filter>
    </ClInclude>
    <ClInclude Include="..\Public\OctorokRock.h">
      <Filter>02.GameObjects\05.Monster\00.Octorok\OctorokRock</Filter>
    </ClInclude>
    <ClInclude Include="..\Public\Rola.h">
      <Filter>02.GameObjects\05.Monster\12.Rola</Filter>
    </ClInclude>
    <ClInclude Include="..\Public\State_Rola_Idle.h">
      <Filter>05.State\Monster\13.Rola_State\Idle</Filter>
    </ClInclude>
    <ClInclude Include="..\Public\State_Rola_Jump.h">
      <Filter>05.State\Monster\13.Rola_State\Jump</Filter>
    </ClInclude>
    <ClInclude Include="..\Public\State_Rola_Push.h">
      <Filter>05.State\Monster\13.Rola_State\Push</Filter>
    </ClInclude>
    <ClInclude Include="..\Public\State_Rola_Demage.h">
      <Filter>05.State\Monster\13.Rola_State\Demage</Filter>
    </ClInclude>
    <ClInclude Include="..\Public\State_Rola_Dead.h">
      <Filter>05.State\Monster\13.Rola_State\Dead</Filter>
    </ClInclude>
    <ClInclude Include="..\Public\State_Spark_Idle.h">
      <Filter>05.State\Monster\02.Spark_State\Idle</Filter>
    </ClInclude>
    <ClInclude Include="..\Public\Spark.h">
      <Filter>02.GameObjects\05.Monster\02.Spark</Filter>
    </ClInclude>
    <ClInclude Include="..\Public\State_Pawn_Idle.h">
      <Filter>05.State\Monster\03.Pawn_State\Idle</Filter>
    </ClInclude>
    <ClInclude Include="..\Public\State_Pawn_Damage.h">
      <Filter>05.State\Monster\03.Pawn_State\Damage</Filter>
    </ClInclude>
    <ClInclude Include="..\Public\State_Pawn_DeadFall.h">
      <Filter>05.State\Monster\03.Pawn_State\Dead_Fall</Filter>
    </ClInclude>
    <ClInclude Include="..\Public\State_Pawn_Walk.h">
      <Filter>05.State\Monster\03.Pawn_State\Walk</Filter>
    </ClInclude>
    <ClInclude Include="..\Public\Pawn.h">
      <Filter>02.GameObjects\05.Monster\03.Pawn</Filter>
    </ClInclude>
    <ClInclude Include="..\Public\State_Pawn_Jump.h">
      <Filter>05.State\Monster\03.Pawn_State\Jump</Filter>
    </ClInclude>
    <ClInclude Include="..\Public\Togezo.h">
      <Filter>02.GameObjects\05.Monster\04.Togezo</Filter>
    </ClInclude>
    <ClInclude Include="..\Public\State_Togezo_Damage.h">
      <Filter>05.State\Monster\04.Togezo_State\Damage</Filter>
    </ClInclude>
    <ClInclude Include="..\Public\State_Togezo_Discover.h">
      <Filter>05.State\Monster\04.Togezo_State\Discover</Filter>
    </ClInclude>
    <ClInclude Include="..\Public\State_Togezo_Idle.h">
      <Filter>05.State\Monster\04.Togezo_State\Idle</Filter>
    </ClInclude>
    <ClInclude Include="..\Public\State_Togezo_Rebound.h">
      <Filter>05.State\Monster\04.Togezo_State\Rebound</Filter>
    </ClInclude>
    <ClInclude Include="..\Public\State_Togezo_Run.h">
      <Filter>05.State\Monster\04.Togezo_State\Run</Filter>
    </ClInclude>
    <ClInclude Include="..\Public\State_Link_Stair_Down.h">
      <Filter>05.State\Link\Stair_Down</Filter>
    </ClInclude>
    <ClInclude Include="..\Public\State_Link_Stair_Up.h">
      <Filter>05.State\Link\Stair_Up</Filter>
    </ClInclude>
    <ClInclude Include="..\Public\State_Kuribo_Idle.h">
      <Filter>05.State\Monster\05.Kuribo _State\Idle</Filter>
    </ClInclude>
    <ClInclude Include="..\Public\State_Kuribo_Dead.h">
      <Filter>05.State\Monster\05.Kuribo _State\Dead</Filter>
    </ClInclude>
    <ClInclude Include="..\Public\State_Kuribo_Walk.h">
      <Filter>05.State\Monster\05.Kuribo _State\Walk</Filter>
    </ClInclude>
    <ClInclude Include="..\Public\Kuribo.h">
      <Filter>02.GameObjects\05.Monster\05.Kuribo</Filter>
    </ClInclude>
    <ClInclude Include="..\Public\State_Kuribo_Walk_Shake.h">
      <Filter>05.State\Monster\05.Kuribo _State\Walk_Shake</Filter>
    </ClInclude>
    <ClInclude Include="..\Public\Vegas.h">
      <Filter>02.GameObjects\05.Monster\06.Vegas</Filter>
    </ClInclude>
    <ClInclude Include="..\Public\State_Vegas_Idle.h">
      <Filter>05.State\Monster\06.Vegas_State\Idle</Filter>
    </ClInclude>
    <ClInclude Include="..\Public\State_Vegas_Damage.h">
      <Filter>05.State\Monster\06.Vegas_State\Damage</Filter>
    </ClInclude>
    <ClInclude Include="..\Public\State_Vegas_Dead.h">
      <Filter>05.State\Monster\06.Vegas_State\Dead</Filter>
    </ClInclude>
    <ClInclude Include="..\Public\State_Vegas_Walk_f.h">
      <Filter>05.State\Monster\06.Vegas_State\Walk_f</Filter>
    </ClInclude>
    <ClInclude Include="..\Public\State_Vegas_Walk_r.h">
      <Filter>05.State\Monster\06.Vegas_State\Walk_r</Filter>
    </ClInclude>
    <ClInclude Include="..\Public\State_Vegas_Walk_l.h">
      <Filter>05.State\Monster\06.Vegas_State\Walk_l</Filter>
    </ClInclude>
    <ClInclude Include="..\Public\State_Vegas_Walk_b.h">
      <Filter>05.State\Monster\06.Vegas_State\Walk_b</Filter>
    </ClInclude>
    <ClInclude Include="..\Public\State_Link_Slash_Hold.h">
      <Filter>05.State\Link\Slash_Hold</Filter>
    </ClInclude>
    <ClInclude Include="..\Public\Level_Test.h">
      <Filter>01.Levels\GamePlay\Test</Filter>
    </ClInclude>
    <ClInclude Include="..\Public\NavDataObj.h">
      <Filter>02.GameObjects\04.Land\NavDataObj</Filter>
    </ClInclude>
    <ClInclude Include="..\Public\Grass.h">
      <Filter>02.GameObjects\03.Objects\Field\00.Grass</Filter>
    </ClInclude>
    <ClInclude Include="..\Public\Tree.h">
      <Filter>02.GameObjects\03.Objects\Field\02.Tree</Filter>
    </ClInclude>
    <ClInclude Include="..\Public\Weathercock.h">
      <Filter>02.GameObjects\03.Objects\Field\03.Weathercock</Filter>
    </ClInclude>
    <ClInclude Include="..\Public\State_Link_Fall.h">
      <Filter>05.State\Link\Fall</Filter>
    </ClInclude>
    <ClInclude Include="..\Public\Level_Dungeon.h">
      <Filter>01.Levels\GamePlay\03.Dungeon</Filter>
    </ClInclude>
    <ClInclude Include="..\Public\Sword.h">
      <Filter>02.GameObjects\02.Player\Sword</Filter>
    </ClInclude>
    <ClInclude Include="..\Public\Shield.h">
      <Filter>02.GameObjects\02.Player\Shield</Filter>
    </ClInclude>
    <ClInclude Include="..\Public\TailLockStatue.h">
      <Filter>02.GameObjects\03.Objects\Field\04.TailLockStatue</Filter>
    </ClInclude>
    <ClInclude Include="..\Public\TailCaveShutter.h">
      <Filter>02.GameObjects\03.Objects\Field\05.TailCaveShutter</Filter>
    </ClInclude>
    <ClInclude Include="..\Public\DeguTail_00.h">
      <Filter>02.GameObjects\05.Monster\13.DeguTail</Filter>
    </ClInclude>
    <ClInclude Include="..\Public\State_DeguTail_Idle.h">
      <Filter>05.State\Monster\14.DeguTail\Head\Idle</Filter>
    </ClInclude>
    <ClInclude Include="..\Public\CollapseTile.h">
      <Filter>02.GameObjects\03.Objects\Dungeon\NonAnim\CollapseTile</Filter>
    </ClInclude>
    <ClInclude Include="..\Public\State_DeguTail_Walk.h">
      <Filter>05.State\Monster\14.DeguTail\Head\Walk</Filter>
    </ClInclude>
    <ClInclude Include="..\Public\DeguTail_01.h">
      <Filter>02.GameObjects\05.Monster\13.DeguTail\DeguTail_01%28Body%29</Filter>
    </ClInclude>
    <ClInclude Include="..\Public\DeguTail_04.h">
      <Filter>02.GameObjects\05.Monster\13.DeguTail\DeguTail_04%28Tail%29</Filter>
    </ClInclude>
    <ClInclude Include="..\Public\State_DeguTail_Appear.h">
      <Filter>05.State\Monster\14.DeguTail\Head\Appear</Filter>
    </ClInclude>
    <ClInclude Include="..\Public\State_DeguTail_Hurt.h">
      <Filter>05.State\Monster\14.DeguTail\Head\Hurt</Filter>
    </ClInclude>
    <ClInclude Include="..\Public\State_DeguTail_Guard.h">
      <Filter>05.State\Monster\14.DeguTail\Head\Guard</Filter>
    </ClInclude>
    <ClInclude Include="..\Public\State_DeguTail_Dead.h">
      <Filter>05.State\Monster\14.DeguTail\Head\Dead</Filter>
    </ClInclude>
    <ClInclude Include="..\Public\Particle_Explosion.h">
      <Filter>02.GameObjects\06.Particle\Test_Explosion</Filter>
    </ClInclude>
    <ClInclude Include="..\Public\State_Link_Damage_Front.h">
      <Filter>05.State\Link\Damage_Front</Filter>
    </ClInclude>
    <ClInclude Include="..\Public\Detector.h">
      <Filter>02.GameObjects\05.Monster\Detector</Filter>
    </ClInclude>
    <ClInclude Include="..\Public\Particle_Snow.h">
      <Filter>02.GameObjects\06.Particle\Test_Snow</Filter>
    </ClInclude>
    <ClInclude Include="..\Public\CrackedWall.h">
      <Filter>02.GameObjects\03.Objects\Dungeon\NonAnim\CrackedWall</Filter>
    </ClInclude>
    <ClInclude Include="..\Public\OwlStatue.h">
      <Filter>02.GameObjects\03.Objects\Dungeon\NonAnim\OwlStatue</Filter>
    </ClInclude>
    <ClInclude Include="..\Public\SquareBlock.h">
      <Filter>02.GameObjects\03.Objects\Dungeon\NonAnim\SquareBlock</Filter>
    </ClInclude>
    <ClInclude Include="..\Public\StoneHinoxRock.h">
      <Filter>02.GameObjects\03.Objects\Dungeon\NonAnim\StoneHinoxRock</Filter>
    </ClInclude>
    <ClInclude Include="..\Public\SpikeTile.h">
      <Filter>02.GameObjects\03.Objects\Dungeon\Anim\SpikeTile</Filter>
    </ClInclude>
    <ClInclude Include="..\Public\TreasureBox.h">
      <Filter>02.GameObjects\03.Objects\Dungeon\Anim\TreasureBox</Filter>
    </ClInclude>
    <ClInclude Include="..\Public\InteractUI.h">
      <Filter>02.GameObjects\07.UI\Player\Interact</Filter>
    </ClInclude>
    <ClInclude Include="..\Public\State_Link_Carry.h">
      <Filter>05.State\Link\Carry</Filter>
    </ClInclude>
    <ClInclude Include="..\Public\State_Link_Carry_Walk.h">
      <Filter>05.State\Link\Carry\Carry_Walk</Filter>
    </ClInclude>
    <ClInclude Include="..\Public\State_Link_Throw.h">
      <Filter>05.State\Link\Carry\Throw</Filter>
    </ClInclude>
    <ClInclude Include="..\Public\State_Link_Get_Item.h">
      <Filter>05.State\Link\Get_Item</Filter>
    </ClInclude>
    <ClInclude Include="..\Public\ItemUI.h">
      <Filter>02.GameObjects\07.UI\Player\ItemUI</Filter>
    </ClInclude>
    <ClInclude Include="..\Public\FootSwitch.h">
      <Filter>02.GameObjects\03.Objects\Dungeon\Anim\FootSwitch</Filter>
    </ClInclude>
    <ClInclude Include="..\Public\SmallKey.h">
      <Filter>02.GameObjects\03.Objects\Dungeon\NonAnim\SmallKey</Filter>
    </ClInclude>
    <ClInclude Include="..\Public\ClosedPotDoor.h">
      <Filter>02.GameObjects\03.Objects\Dungeon\Anim\ClosedPotDoor</Filter>
    </ClInclude>
    <ClInclude Include="..\Public\Bomb.h">
      <Filter>02.GameObjects\02.Player\Bomb</Filter>
    </ClInclude>
    <ClInclude Include="..\Public\State_Link_Bomb.h">
      <Filter>05.State\Link\Bomb</Filter>
    </ClInclude>
    <ClInclude Include="..\Public\PurpleQuartz.h">
      <Filter>02.GameObjects\03.Objects\Dungeon\NonAnim\PurpleQuartz</Filter>
    </ClInclude>
    <ClInclude Include="..\Public\LockBlock.h">
      <Filter>02.GameObjects\03.Objects\Dungeon\NonAnim\LockBlock</Filter>
    </ClInclude>
    <ClInclude Include="..\Public\BladeTrap.h">
      <Filter>02.GameObjects\03.Objects\Dungeon\Anim\BladeTrap</Filter>
    </ClInclude>
    <ClInclude Include="..\Public\LockDoor.h">
      <Filter>02.GameObjects\03.Objects\Dungeon\Anim\LockDoor</Filter>
    </ClInclude>
    <ClInclude Include="..\Public\State_Link_Key.h">
      <Filter>05.State\Link\Key</Filter>
    </ClInclude>
    <ClInclude Include="..\Public\RollingSpike.h">
      <Filter>02.GameObjects\03.Objects\Dungeon\Anim\RollingSpike</Filter>
    </ClInclude>
    <ClInclude Include="..\Public\OnewayDoorReverse.h">
      <Filter>02.GameObjects\03.Objects\Dungeon\Anim\OnewayDoorReverse</Filter>
    </ClInclude>
    <ClInclude Include="..\public\BossDoor.h">
      <Filter>02.GameObjects\03.Objects\Dungeon\Anim\BossDoor</Filter>
    </ClInclude>
    <ClInclude Include="..\Public\ConchHorn.h">
      <Filter>02.GameObjects\03.Objects\Dungeon\NonAnim\ConchHorn</Filter>
    </ClInclude>
    <ClInclude Include="..\Public\State_Link_Push.h">
      <Filter>05.State\Link\Push</Filter>
    </ClInclude>
    <ClInclude Include="..\Public\Particle_Model.h">
      <Filter>02.GameObjects\06.Particle\Particle_Model</Filter>
    </ClInclude>
    <ClInclude Include="..\Public\SinkingSword.h">
      <Filter>02.GameObjects\03.Objects\Field\06.SinkingSword</Filter>
    </ClInclude>
    <ClInclude Include="..\Public\Level_Store.h">
      <Filter>01.Levels\GamePlay\04.Store</Filter>
    </ClInclude>
    <ClInclude Include="..\Public\Store_Item.h">
      <Filter>02.GameObjects\03.Objects\Store_Item</Filter>
    </ClInclude>
    <ClInclude Include="..\Public\NPC.h">
      <Filter>02.GameObjects\08.NPC</Filter>
    </ClInclude>
    <ClInclude Include="..\Public\ToolShopkeeper.h">
      <Filter>02.GameObjects\08.NPC\ToolShopkeeper</Filter>
    </ClInclude>
    <ClInclude Include="..\Public\State_ToolShopkeeper_Idle.h">
      <Filter>05.State\NPC\ToolShopkeeper\Idle</Filter>
    </ClInclude>
    <ClInclude Include="..\Public\State_ToolShopkeeper_Talk.h">
      <Filter>05.State\NPC\ToolShopkeeper\Talk</Filter>
    </ClInclude>
    <ClInclude Include="..\Public\State_ToolShopkeeper_Attack.h">
      <Filter>05.State\NPC\ToolShopkeeper\Attack</Filter>
    </ClInclude>
    <ClInclude Include="..\Public\DialogueUI.h">
      <Filter>02.GameObjects\07.UI\DialogueUI</Filter>
    </ClInclude>
    <ClInclude Include="..\Public\ChoiceBtn.h">
      <Filter>02.GameObjects\07.UI\ChoiceBtn</Filter>
    </ClInclude>
    <ClInclude Include="..\Public\Lupee.h">
      <Filter>02.GameObjects\03.Objects\Field\Lupee</Filter>
    </ClInclude>
    <ClInclude Include="..\Public\MainUI.h">
      <Filter>02.GameObjects\07.UI\MainUI</Filter>
    </ClInclude>
    <ClInclude Include="..\Public\LupeeUI.h">
      <Filter>02.GameObjects\07.UI\MainUI\LupeeUI</Filter>
    </ClInclude>
    <ClInclude Include="..\Public\Teleport.h">
      <Filter>02.GameObjects\03.Objects\Teleport</Filter>
    </ClInclude>
    <ClInclude Include="..\Public\HPUI.h">
      <Filter>02.GameObjects\07.UI\MainUI\HPUI</Filter>
    </ClInclude>
    <ClInclude Include="..\Public\HeartUI.h">
      <Filter>02.GameObjects\07.UI\MainUI\HPUI\Heart</Filter>
    </ClInclude>
    <ClInclude Include="..\Public\KeyUI.h">
      <Filter>02.GameObjects\07.UI\MainUI\KeyUI</Filter>
    </ClInclude>
    <ClInclude Include="..\Public\ItemIconUI.h">
      <Filter>02.GameObjects\07.UI\MainUI\ItemIconUI</Filter>
    </ClInclude>
    <ClInclude Include="..\Public\CampusUI.h">
      <Filter>02.GameObjects\07.UI\MainUI\Campus</Filter>
    </ClInclude>
    <ClInclude Include="..\Public\InvenUI.h">
      <Filter>02.GameObjects\07.UI\MainUI\InvenUI</Filter>
    </ClInclude>
    <ClInclude Include="..\Public\MiniMap.h">
      <Filter>02.GameObjects\07.UI\MainUI\MiniMap</Filter>
    </ClInclude>
    <ClInclude Include="..\Public\MapBackGround.h">
      <Filter>02.GameObjects\07.UI\MainUI\MiniMap\MapBackGround</Filter>
    </ClInclude>
    <ClInclude Include="..\Public\MapUI.h">
      <Filter>02.GameObjects\07.UI\MainUI\MiniMap\MapUI</Filter>
    </ClInclude>
    <ClInclude Include="..\Public\2DEffects.h">
      <Filter>02.GameObjects\08.Effects</Filter>
    </ClInclude>
    <ClInclude Include="..\Public\MonsterDied_Effect.h">
      <Filter>02.GameObjects\08.Effects\MonsterDied</Filter>
    </ClInclude>
    <ClInclude Include="..\Public\Glow_Effect.h">
      <Filter>02.GameObjects\08.Effects\2D_Defaults\Glow_Effect</Filter>
    </ClInclude>
    <ClInclude Include="..\Public\Cross_Effect.h">
      <Filter>02.GameObjects\08.Effects\2D_Defaults\Cross_Effect</Filter>
    </ClInclude>
    <ClInclude Include="..\Public\Smoke_Effect.h">
      <Filter>02.GameObjects\08.Effects\2D_Defaults\Smoke_Effect</Filter>
    </ClInclude>
    <ClInclude Include="..\Public\Particle_Image.h">
      <Filter>02.GameObjects\06.Particle\Particle_Image</Filter>
    </ClInclude>
    <ClInclude Include="..\Public\3D_Effects.h">
      <Filter>02.GameObjects\08.Effects</Filter>
    </ClInclude>
    <ClInclude Include="..\Public\Light_Effect.h">
      <Filter>02.GameObjects\08.Effects\2D_Defaults\Light_Effect</Filter>
    </ClInclude>
    <ClInclude Include="..\Public\BombExplosion.h">
      <Filter>02.GameObjects\08.Effects\BombExplosion</Filter>
    </ClInclude>
  </ItemGroup>
  <ItemGroup>
    <ClCompile Include="Client.cpp">
      <Filter>98.Default</Filter>
    </ClCompile>
    <ClCompile Include="stdafx.cpp">
      <Filter>98.Default</Filter>
    </ClCompile>
    <ClCompile Include="..\Private\MainApp.cpp">
      <Filter>00.MainApp</Filter>
    </ClCompile>
    <ClCompile Include="..\Private\Level_Logo.cpp">
      <Filter>01.Levels\GamePlay\00.Logo</Filter>
    </ClCompile>
    <ClCompile Include="..\Private\Level_Loading.cpp">
      <Filter>01.Levels\Loading</Filter>
    </ClCompile>
    <ClCompile Include="..\private\Loader.cpp">
      <Filter>01.Levels\Loading\Loader</Filter>
    </ClCompile>
    <ClCompile Include="..\private\BackGround.cpp">
      <Filter>02.GameObjects\00.BackGround</Filter>
    </ClCompile>
    <ClCompile Include="..\Private\Terrain.cpp">
      <Filter>02.GameObjects\01.Terrain</Filter>
    </ClCompile>
    <ClCompile Include="..\Private\NonAnimModel.cpp">
      <Filter>02.GameObjects\NonAnimModel</Filter>
    </ClCompile>
    <ClCompile Include="..\Private\AnimModel.cpp">
      <Filter>02.GameObjects\99.Camera\AnimModel</Filter>
    </ClCompile>
    <ClCompile Include="..\Private\FreeCamera.cpp">
      <Filter>02.GameObjects\99.Camera\FreeCamera</Filter>
    </ClCompile>
    <ClCompile Include="..\Private\PlayerCamera.cpp">
      <Filter>02.GameObjects\99.Camera\PlayerCamera</Filter>
    </ClCompile>
    <ClCompile Include="..\Private\Link.cpp">
      <Filter>02.GameObjects\02.Player\Link</Filter>
    </ClCompile>
    <ClCompile Include="..\Private\State_Link_Idle.cpp">
      <Filter>05.State\Link\Idle</Filter>
    </ClCompile>
    <ClCompile Include="..\Private\State_Link_Walk.cpp">
      <Filter>05.State\Link\Walk</Filter>
    </ClCompile>
    <ClCompile Include="..\Private\Player.cpp">
      <Filter>02.GameObjects\02.Player</Filter>
    </ClCompile>
    <ClCompile Include="..\Private\State_Link_ItemA.cpp">
      <Filter>05.State\Link\ItemA</Filter>
    </ClCompile>
    <ClCompile Include="..\Private\State_Link_ItemB.cpp">
      <Filter>05.State\Link\ItemB</Filter>
    </ClCompile>
    <ClCompile Include="..\Private\State_Link_Jump.cpp">
      <Filter>05.State\Link\Jump</Filter>
    </ClCompile>
    <ClCompile Include="..\Private\Land.cpp">
      <Filter>02.GameObjects\04.Land</Filter>
    </ClCompile>
    <ClCompile Include="..\Private\HousePot.cpp">
      <Filter>02.GameObjects\03.Objects\MarinHouse\00.HousePot</Filter>
    </ClCompile>
    <ClCompile Include="..\Private\Bed.cpp">
      <Filter>02.GameObjects\03.Objects\MarinHouse\01.Bed</Filter>
    </ClCompile>
    <ClCompile Include="..\Private\State_Link_Slash.cpp">
      <Filter>05.State\Link\Slash</Filter>
    </ClCompile>
    <ClCompile Include="..\Private\State_Link_Shield.cpp">
      <Filter>05.State\Link\Shield</Filter>
    </ClCompile>
    <ClCompile Include="..\Private\State_Link_Shield_Walk.cpp">
      <Filter>05.State\Link\Shield\ShieldWalk</Filter>
    </ClCompile>
    <ClCompile Include="..\Private\Level_MarinHouse.cpp">
      <Filter>01.Levels\GamePlay\01.MarinHouse</Filter>
    </ClCompile>
    <ClCompile Include="..\Private\Level_Field.cpp">
      <Filter>01.Levels\GamePlay\02.Field</Filter>
    </ClCompile>
    <ClCompile Include="..\Private\Monster.cpp">
      <Filter>02.GameObjects\05.Monster</Filter>
    </ClCompile>
    <ClCompile Include="..\Private\SeaUrchin.cpp">
      <Filter>02.GameObjects\05.Monster\01.SeaUrchin</Filter>
    </ClCompile>
    <ClCompile Include="..\Private\State_SeaUrchin_Idle.cpp">
      <Filter>05.State\Monster\01.SeaUrchin_State\Idle</Filter>
    </ClCompile>
    <ClCompile Include="..\Private\State_SeaUrchin_Pushed.cpp">
      <Filter>05.State\Monster\01.SeaUrchin_State\Pushed</Filter>
    </ClCompile>
    <ClCompile Include="..\Private\State_SeaUrchin_Dead.cpp">
      <Filter>05.State\Monster\01.SeaUrchin_State\Dead</Filter>
    </ClCompile>
    <ClCompile Include="..\Private\Octorok.cpp">
      <Filter>02.GameObjects\05.Monster\00.Octorok</Filter>
    </ClCompile>
    <ClCompile Include="..\Private\State_Octorok_Idle.cpp">
      <Filter>05.State\Monster\00.Octorok_State\Idle</Filter>
    </ClCompile>
    <ClCompile Include="..\Private\State_Octorok_Attack.cpp">
      <Filter>05.State\Monster\00.Octorok_State\Attack</Filter>
    </ClCompile>
    <ClCompile Include="..\Private\State_Octorok_Dead.cpp">
      <Filter>05.State\Monster\00.Octorok_State\Dead</Filter>
    </ClCompile>
    <ClCompile Include="..\Private\State_Octorok_Walk.cpp">
      <Filter>05.State\Monster\00.Octorok_State\Walk</Filter>
    </ClCompile>
    <ClCompile Include="..\Private\OctorokRock.cpp">
      <Filter>02.GameObjects\05.Monster\00.Octorok\OctorokRock</Filter>
    </ClCompile>
    <ClCompile Include="..\Private\Rola.cpp">
      <Filter>02.GameObjects\05.Monster\12.Rola</Filter>
    </ClCompile>
    <ClCompile Include="..\Private\State_Rola_Idle.cpp">
      <Filter>05.State\Monster\13.Rola_State\Idle</Filter>
    </ClCompile>
    <ClCompile Include="..\Private\State_Rola_Jump.cpp">
      <Filter>05.State\Monster\13.Rola_State\Jump</Filter>
    </ClCompile>
    <ClCompile Include="..\Private\State_Rola_Push.cpp">
      <Filter>05.State\Monster\13.Rola_State\Push</Filter>
    </ClCompile>
    <ClCompile Include="..\Private\State_Rola_Dead.cpp">
      <Filter>05.State\Monster\13.Rola_State\Dead</Filter>
    </ClCompile>
    <ClCompile Include="..\Private\State_Spark_Idle.cpp">
      <Filter>05.State\Monster\02.Spark_State\Idle</Filter>
    </ClCompile>
    <ClCompile Include="..\Private\Spark.cpp">
      <Filter>02.GameObjects\05.Monster\02.Spark</Filter>
    </ClCompile>
    <ClCompile Include="..\Private\State_Pawn_Idle.cpp">
      <Filter>05.State\Monster\03.Pawn_State\Idle</Filter>
    </ClCompile>
    <ClCompile Include="..\Private\State_Pawn_Damage.cpp">
      <Filter>05.State\Monster\03.Pawn_State\Damage</Filter>
    </ClCompile>
    <ClCompile Include="..\Private\State_Pawn_DeadFall.cpp">
      <Filter>05.State\Monster\03.Pawn_State\Dead_Fall</Filter>
    </ClCompile>
    <ClCompile Include="..\Private\State_Pawn_Walk.cpp">
      <Filter>05.State\Monster\03.Pawn_State\Walk</Filter>
    </ClCompile>
    <ClCompile Include="..\Private\State_Rola_Demage.cpp">
      <Filter>05.State\Monster\13.Rola_State\Demage</Filter>
    </ClCompile>
    <ClCompile Include="..\Private\Pawn.cpp">
      <Filter>02.GameObjects\05.Monster\03.Pawn</Filter>
    </ClCompile>
    <ClCompile Include="..\Private\State_Pawn_Jump.cpp">
      <Filter>05.State\Monster\03.Pawn_State\Jump</Filter>
    </ClCompile>
    <ClCompile Include="..\Private\Togezo.cpp">
      <Filter>02.GameObjects\05.Monster\04.Togezo</Filter>
    </ClCompile>
    <ClCompile Include="..\Private\State_Togezo_Damage.cpp">
      <Filter>05.State\Monster\04.Togezo_State\Damage</Filter>
    </ClCompile>
    <ClCompile Include="..\Private\State_Togezo_Discover.cpp">
      <Filter>05.State\Monster\04.Togezo_State\Discover</Filter>
    </ClCompile>
    <ClCompile Include="..\Private\State_Togezo_Idle.cpp">
      <Filter>05.State\Monster\04.Togezo_State\Idle</Filter>
    </ClCompile>
    <ClCompile Include="..\Private\State_Togezo_Rebound.cpp">
      <Filter>05.State\Monster\04.Togezo_State\Rebound</Filter>
    </ClCompile>
    <ClCompile Include="..\Private\State_Togezo_Run.cpp">
      <Filter>05.State\Monster\04.Togezo_State\Run</Filter>
    </ClCompile>
    <ClCompile Include="..\Private\State_Link_Stair_Down.cpp">
      <Filter>05.State\Link\Stair_Down</Filter>
    </ClCompile>
    <ClCompile Include="..\Private\State_Link_Stair_Up.cpp">
      <Filter>05.State\Link\Stair_Up</Filter>
    </ClCompile>
    <ClCompile Include="..\Private\State_Kuribo_Idle.cpp">
      <Filter>05.State\Monster\05.Kuribo _State\Idle</Filter>
    </ClCompile>
    <ClCompile Include="..\Private\State_Kuribo_Dead.cpp">
      <Filter>05.State\Monster\05.Kuribo _State\Dead</Filter>
    </ClCompile>
    <ClCompile Include="..\Private\State_Kuribo_Walk.cpp">
      <Filter>05.State\Monster\05.Kuribo _State\Walk</Filter>
    </ClCompile>
    <ClCompile Include="..\Private\Kuribo.cpp">
      <Filter>02.GameObjects\05.Monster\05.Kuribo</Filter>
    </ClCompile>
    <ClCompile Include="..\Private\State_Kuribo_Walk_Shake.cpp">
      <Filter>05.State\Monster\05.Kuribo _State\Walk_Shake</Filter>
    </ClCompile>
    <ClCompile Include="..\Private\Vegas.cpp">
      <Filter>02.GameObjects\05.Monster\06.Vegas</Filter>
    </ClCompile>
    <ClCompile Include="..\Private\State_Vegas_Idle.cpp">
      <Filter>05.State\Monster\06.Vegas_State\Idle</Filter>
    </ClCompile>
    <ClCompile Include="..\Private\State_Vegas_Damage.cpp">
      <Filter>05.State\Monster\06.Vegas_State\Damage</Filter>
    </ClCompile>
    <ClCompile Include="..\Private\State_Vegas_Dead.cpp">
      <Filter>05.State\Monster\06.Vegas_State\Dead</Filter>
    </ClCompile>
    <ClCompile Include="..\Private\State_Vegas_Walk_f.cpp">
      <Filter>05.State\Monster\06.Vegas_State\Walk_f</Filter>
    </ClCompile>
    <ClCompile Include="..\Private\State_Vegas_Walk_r.cpp">
      <Filter>05.State\Monster\06.Vegas_State\Walk_r</Filter>
    </ClCompile>
    <ClCompile Include="..\Private\State_Vegas_Walk_l.cpp">
      <Filter>05.State\Monster\06.Vegas_State\Walk_l</Filter>
    </ClCompile>
    <ClCompile Include="..\Private\State_Vegas_Walk_b.cpp">
      <Filter>05.State\Monster\06.Vegas_State\Walk_b</Filter>
    </ClCompile>
    <ClCompile Include="..\Private\State_Link_Slash_Hold.cpp">
      <Filter>05.State\Link\Slash_Hold</Filter>
    </ClCompile>
    <ClCompile Include="..\Private\Level_Test.cpp">
      <Filter>01.Levels\GamePlay\Test</Filter>
    </ClCompile>
    <ClCompile Include="..\Private\NavDataObj.cpp">
      <Filter>02.GameObjects\04.Land\NavDataObj</Filter>
    </ClCompile>
    <ClCompile Include="..\Private\Grass.cpp">
      <Filter>02.GameObjects\03.Objects\Field\00.Grass</Filter>
    </ClCompile>
    <ClCompile Include="..\Private\Tree.cpp">
      <Filter>02.GameObjects\03.Objects\Field\02.Tree</Filter>
    </ClCompile>
    <ClCompile Include="..\Private\Weathercock.cpp">
      <Filter>02.GameObjects\03.Objects\Field\03.Weathercock</Filter>
    </ClCompile>
    <ClCompile Include="..\Private\State_Link_Fall.cpp">
      <Filter>05.State\Link\Fall</Filter>
    </ClCompile>
    <ClCompile Include="..\Private\Level_Dungeon.cpp">
      <Filter>01.Levels\GamePlay\03.Dungeon</Filter>
    </ClCompile>
    <ClCompile Include="..\Private\Sword.cpp">
      <Filter>02.GameObjects\02.Player\Sword</Filter>
    </ClCompile>
    <ClCompile Include="..\Private\Shield.cpp">
      <Filter>02.GameObjects\02.Player\Shield</Filter>
    </ClCompile>
    <ClCompile Include="..\Private\TailLockStatue.cpp">
      <Filter>02.GameObjects\03.Objects\Field\04.TailLockStatue</Filter>
    </ClCompile>
    <ClCompile Include="..\Private\TailCaveShutter.cpp">
      <Filter>02.GameObjects\03.Objects\Field\05.TailCaveShutter</Filter>
    </ClCompile>
    <ClCompile Include="..\Private\DeguTail_00.cpp">
      <Filter>02.GameObjects\05.Monster\13.DeguTail</Filter>
    </ClCompile>
    <ClCompile Include="..\Private\State_DeguTail_Idle.cpp">
      <Filter>05.State\Monster\14.DeguTail\Head\Idle</Filter>
    </ClCompile>
    <ClCompile Include="..\Private\CollapseTile.cpp">
      <Filter>02.GameObjects\03.Objects\Dungeon\NonAnim\CollapseTile</Filter>
    </ClCompile>
    <ClCompile Include="..\Private\State_DeguTail_Walk.cpp">
      <Filter>05.State\Monster\14.DeguTail\Head\Walk</Filter>
    </ClCompile>
    <ClCompile Include="..\Private\DeguTail_01.cpp">
      <Filter>02.GameObjects\05.Monster\13.DeguTail\DeguTail_01%28Body%29</Filter>
    </ClCompile>
    <ClCompile Include="..\Private\DeguTail_04.cpp">
      <Filter>02.GameObjects\05.Monster\13.DeguTail\DeguTail_04%28Tail%29</Filter>
    </ClCompile>
    <ClCompile Include="..\Private\State_DeguTail_Appear.cpp">
      <Filter>05.State\Monster\14.DeguTail\Head\Appear</Filter>
    </ClCompile>
    <ClCompile Include="..\Private\State_DeguTail_Hurt.cpp">
      <Filter>05.State\Monster\14.DeguTail\Head\Hurt</Filter>
    </ClCompile>
    <ClCompile Include="..\Private\State_DeguTail_Guard.cpp">
      <Filter>05.State\Monster\14.DeguTail\Head\Guard</Filter>
    </ClCompile>
    <ClCompile Include="..\Private\State_DeguTail_Dead.cpp">
      <Filter>05.State\Monster\14.DeguTail\Head\Dead</Filter>
    </ClCompile>
    <ClCompile Include="..\Private\Particle_Explosion.cpp">
      <Filter>02.GameObjects\06.Particle\Test_Explosion</Filter>
    </ClCompile>
    <ClCompile Include="..\Private\State_Link_Damage_Front.cpp">
      <Filter>05.State\Link\Damage_Front</Filter>
    </ClCompile>
    <ClCompile Include="..\Private\Detector.cpp">
      <Filter>02.GameObjects\05.Monster\Detector</Filter>
    </ClCompile>
    <ClCompile Include="..\Private\Particle_Snow.cpp">
      <Filter>02.GameObjects\06.Particle\Test_Snow</Filter>
    </ClCompile>
    <ClCompile Include="..\Private\CrackedWall.cpp">
      <Filter>02.GameObjects\03.Objects\Dungeon\NonAnim\CrackedWall</Filter>
    </ClCompile>
    <ClCompile Include="..\Private\OwlStatue.cpp">
      <Filter>02.GameObjects\03.Objects\Dungeon\NonAnim\OwlStatue</Filter>
    </ClCompile>
    <ClCompile Include="..\Private\SquareBlock.cpp">
      <Filter>02.GameObjects\03.Objects\Dungeon\NonAnim\SquareBlock</Filter>
    </ClCompile>
    <ClCompile Include="..\Private\StoneHinoxRock.cpp">
      <Filter>02.GameObjects\03.Objects\Dungeon\NonAnim\StoneHinoxRock</Filter>
    </ClCompile>
    <ClCompile Include="..\Private\SpikeTile.cpp">
      <Filter>02.GameObjects\03.Objects\Dungeon\Anim\SpikeTile</Filter>
    </ClCompile>
    <ClCompile Include="..\Private\TreasureBox.cpp">
      <Filter>02.GameObjects\03.Objects\Dungeon\Anim\TreasureBox</Filter>
    </ClCompile>
    <ClCompile Include="..\Private\InteractUI.cpp">
      <Filter>02.GameObjects\07.UI\Player\Interact</Filter>
    </ClCompile>
    <ClCompile Include="..\Private\State_Link_Carry.cpp">
      <Filter>05.State\Link\Carry</Filter>
    </ClCompile>
    <ClCompile Include="..\Private\State_Link_Carry_Walk.cpp">
      <Filter>05.State\Link\Carry\Carry_Walk</Filter>
    </ClCompile>
    <ClCompile Include="..\Private\State_Link_Throw.cpp">
      <Filter>05.State\Link\Carry\Throw</Filter>
    </ClCompile>
    <ClCompile Include="..\Private\State_Link_Get_Item.cpp">
      <Filter>05.State\Link\Get_Item</Filter>
    </ClCompile>
    <ClCompile Include="..\Private\ItemUI.cpp">
      <Filter>02.GameObjects\07.UI\Player\ItemUI</Filter>
    </ClCompile>
    <ClCompile Include="..\Private\FootSwitch.cpp">
      <Filter>02.GameObjects\03.Objects\Dungeon\Anim\FootSwitch</Filter>
    </ClCompile>
    <ClCompile Include="..\Private\SmallKey.cpp">
      <Filter>02.GameObjects\03.Objects\Dungeon\NonAnim\SmallKey</Filter>
    </ClCompile>
    <ClCompile Include="..\Private\ClosedPotDoor.cpp">
      <Filter>02.GameObjects\03.Objects\Dungeon\Anim\ClosedPotDoor</Filter>
    </ClCompile>
    <ClCompile Include="..\Private\Bomb.cpp">
      <Filter>02.GameObjects\02.Player\Bomb</Filter>
    </ClCompile>
    <ClCompile Include="..\Private\State_Link_Bomb.cpp">
      <Filter>05.State\Link\Bomb</Filter>
    </ClCompile>
    <ClCompile Include="..\Private\PurpleQuartz.cpp">
      <Filter>02.GameObjects\03.Objects\Dungeon\NonAnim\PurpleQuartz</Filter>
    </ClCompile>
    <ClCompile Include="..\Private\LockBlock.cpp">
      <Filter>02.GameObjects\03.Objects\Dungeon\NonAnim\LockBlock</Filter>
    </ClCompile>
    <ClCompile Include="..\Private\BladeTrap.cpp">
      <Filter>02.GameObjects\03.Objects\Dungeon\Anim\BladeTrap</Filter>
    </ClCompile>
    <ClCompile Include="..\Private\LockDoor.cpp">
      <Filter>02.GameObjects\03.Objects\Dungeon\Anim\LockDoor</Filter>
    </ClCompile>
    <ClCompile Include="..\Private\State_Link_Key.cpp">
      <Filter>05.State\Link\Key</Filter>
    </ClCompile>
    <ClCompile Include="..\Private\RollingSpike.cpp">
      <Filter>02.GameObjects\03.Objects\Dungeon\Anim\RollingSpike</Filter>
    </ClCompile>
    <ClCompile Include="..\Private\OnewayDoorReverse.cpp">
      <Filter>02.GameObjects\03.Objects\Dungeon\Anim\OnewayDoorReverse</Filter>
    </ClCompile>
    <ClCompile Include="..\Private\BossDoor.cpp">
      <Filter>02.GameObjects\03.Objects\Dungeon\Anim\BossDoor</Filter>
    </ClCompile>
    <ClCompile Include="..\Private\ConchHorn.cpp">
      <Filter>02.GameObjects\03.Objects\Dungeon\NonAnim\ConchHorn</Filter>
    </ClCompile>
    <ClCompile Include="..\Private\State_Link_Push.cpp">
      <Filter>05.State\Link\Push</Filter>
    </ClCompile>
    <ClCompile Include="..\Private\Particle_Model.cpp">
      <Filter>02.GameObjects\06.Particle\Particle_Model</Filter>
    </ClCompile>
    <ClCompile Include="..\Private\SinkingSword.cpp">
      <Filter>02.GameObjects\03.Objects\Field\06.SinkingSword</Filter>
    </ClCompile>
    <ClCompile Include="..\Private\Level_Store.cpp">
      <Filter>01.Levels\GamePlay\04.Store</Filter>
    </ClCompile>
    <ClCompile Include="..\Private\Store_Item.cpp">
      <Filter>02.GameObjects\03.Objects\Store_Item</Filter>
    </ClCompile>
    <ClCompile Include="..\Private\NPC.cpp">
      <Filter>02.GameObjects\08.NPC</Filter>
    </ClCompile>
    <ClCompile Include="..\Public\ToolShopkeeper.cpp">
      <Filter>02.GameObjects\08.NPC\ToolShopkeeper</Filter>
    </ClCompile>
    <ClCompile Include="..\Private\State_ToolShopkeeper_Idle.cpp">
      <Filter>05.State\NPC\ToolShopkeeper\Idle</Filter>
    </ClCompile>
    <ClCompile Include="..\Private\State_ToolShopkeeper_Talk.cpp">
      <Filter>05.State\NPC\ToolShopkeeper\Talk</Filter>
    </ClCompile>
    <ClCompile Include="..\Private\State_ToolShopkeeper_Attack.cpp">
      <Filter>05.State\NPC\ToolShopkeeper\Attack</Filter>
    </ClCompile>
    <ClCompile Include="..\Private\DialogueUI.cpp">
      <Filter>02.GameObjects\07.UI\DialogueUI</Filter>
    </ClCompile>
    <ClCompile Include="..\Private\ChoiceBtn.cpp">
      <Filter>02.GameObjects\07.UI\ChoiceBtn</Filter>
    </ClCompile>
    <ClCompile Include="..\Private\Lupee.cpp">
      <Filter>02.GameObjects\03.Objects\Field\Lupee</Filter>
    </ClCompile>
    <ClCompile Include="..\Private\MainUI.cpp">
      <Filter>02.GameObjects\07.UI\MainUI</Filter>
    </ClCompile>
    <ClCompile Include="..\Private\LupeeUI.cpp">
      <Filter>02.GameObjects\07.UI\MainUI\LupeeUI</Filter>
    </ClCompile>
    <ClCompile Include="..\Private\Teleport.cpp">
      <Filter>02.GameObjects\03.Objects\Teleport</Filter>
    </ClCompile>
    <ClCompile Include="..\Private\HPUI.cpp">
      <Filter>02.GameObjects\07.UI\MainUI\HPUI</Filter>
    </ClCompile>
    <ClCompile Include="..\Private\HeartUI.cpp">
      <Filter>02.GameObjects\07.UI\MainUI\HPUI\Heart</Filter>
    </ClCompile>
    <ClCompile Include="..\Private\KeyUI.cpp">
      <Filter>02.GameObjects\07.UI\MainUI\KeyUI</Filter>
    </ClCompile>
    <ClCompile Include="..\Private\ItemIconUI.cpp">
      <Filter>02.GameObjects\07.UI\MainUI\ItemIconUI</Filter>
    </ClCompile>
    <ClCompile Include="..\Private\CampusUI.cpp">
      <Filter>02.GameObjects\07.UI\MainUI\Campus</Filter>
    </ClCompile>
    <ClCompile Include="..\Private\InvenUI.cpp">
      <Filter>02.GameObjects\07.UI\MainUI\InvenUI</Filter>
    </ClCompile>
    <ClCompile Include="..\Private\MiniMap.cpp">
      <Filter>02.GameObjects\07.UI\MainUI\MiniMap</Filter>
    </ClCompile>
    <ClCompile Include="..\Private\MapBackGround.cpp">
      <Filter>02.GameObjects\07.UI\MainUI\MiniMap\MapBackGround</Filter>
    </ClCompile>
    <ClCompile Include="..\Private\MapUI.cpp">
      <Filter>02.GameObjects\07.UI\MainUI\MiniMap\MapUI</Filter>
    </ClCompile>
    <ClCompile Include="..\Private\2DEffects.cpp">
      <Filter>02.GameObjects\08.Effects</Filter>
    </ClCompile>
    <ClCompile Include="..\Private\MonsterDied_Effect.cpp">
      <Filter>02.GameObjects\08.Effects\MonsterDied</Filter>
    </ClCompile>
    <ClCompile Include="..\Private\Glow_Effect.cpp">
      <Filter>02.GameObjects\08.Effects\2D_Defaults\Glow_Effect</Filter>
    </ClCompile>
    <ClCompile Include="..\Private\Cross_Effect.cpp">
      <Filter>02.GameObjects\08.Effects\2D_Defaults\Cross_Effect</Filter>
    </ClCompile>
    <ClCompile Include="..\Private\Smoke_Effect.cpp">
      <Filter>02.GameObjects\08.Effects\2D_Defaults\Smoke_Effect</Filter>
    </ClCompile>
    <ClCompile Include="..\Private\Particle_Image.cpp">
      <Filter>02.GameObjects\06.Particle\Particle_Image</Filter>
    </ClCompile>
    <ClCompile Include="..\Private\3D_Effects.cpp">
      <Filter>02.GameObjects\08.Effects</Filter>
    </ClCompile>
    <ClCompile Include="..\Private\Light_Effect.cpp">
      <Filter>02.GameObjects\08.Effects\2D_Defaults\Light_Effect</Filter>
    </ClCompile>
    <ClCompile Include="..\Private\BombExplosion.cpp">
      <Filter>02.GameObjects\08.Effects\BombExplosion</Filter>
    </ClCompile>
  </ItemGroup>
  <ItemGroup>
    <Image Include="Client.ico">
      <Filter>98.Default</Filter>
    </Image>
    <Image Include="small.ico">
      <Filter>98.Default</Filter>
    </Image>
  </ItemGroup>
  <ItemGroup>
    <ResourceCompile Include="Client.rc">
      <Filter>98.Default</Filter>
    </ResourceCompile>
  </ItemGroup>
  <ItemGroup>
    <Text Include="ReadMe.txt">
      <Filter>98.Default</Filter>
    </Text>
  </ItemGroup>
  <ItemGroup>
    <FxCompile Include="..\Bin\ShaderFiles\Shader_VtxPosTex.hlsl">
      <Filter>97.ShaderFiles</Filter>
    </FxCompile>
    <FxCompile Include="..\Bin\ShaderFiles\Shader_VtxNorTex.hlsl">
      <Filter>97.ShaderFiles</Filter>
    </FxCompile>
    <FxCompile Include="..\Bin\ShaderFiles\Shader_VtxModel.hlsl">
      <Filter>97.ShaderFiles</Filter>
    </FxCompile>
    <FxCompile Include="..\Bin\ShaderFiles\Shader_VtxAnimModel.hlsl">
      <Filter>97.ShaderFiles</Filter>
    </FxCompile>
    <FxCompile Include="..\Bin\ShaderFiles\Shader_VtxRectInstance.hlsl">
      <Filter>97.ShaderFiles</Filter>
    </FxCompile>
    <FxCompile Include="..\Bin\ShaderFiles\Shader_VtxPointInstance.hlsl">
      <Filter>97.ShaderFiles</Filter>
    </FxCompile>
    <FxCompile Include="..\Bin\ShaderFiles\Shader_VtxModelInstance.hlsl">
      <Filter>97.ShaderFiles</Filter>
    </FxCompile>
  </ItemGroup>
</Project>